
Microsoft Visual Studio Solution File, Format Version 12.00
# Visual Studio Version 17
VisualStudioVersion = 17.9.34622.214
MinimumVisualStudioVersion = 10.0.40219.1
Project("{2150E333-8FDC-42A3-9474-1A3956D46DE8}") = "AES", "AES", "{A655A982-A48A-4F4A-8159-E854B8E99A5A}"
EndProject
Project("{9A19103F-16F7-4668-BE54-9A1E7A4F7556}") = "AESEncryption", "AES\AESEncryption.csproj", "{A7276016-4FF5-41F2-8249-200D2A8F39FD}"
EndProject
Project("{2150E333-8FDC-42A3-9474-1A3956D46DE8}") = "DES", "DES", "{95D46FC3-F354-4F62-9B47-E53DA498A3BA}"
EndProject
Project("{9A19103F-16F7-4668-BE54-9A1E7A4F7556}") = "DESEncryption", "DES\DESEncryption\DESEncryption.csproj", "{61A16D6B-238A-4261-9C72-1182027B2F13}"
EndProject
Project("{2150E333-8FDC-42A3-9474-1A3956D46DE8}") = "Shared", "Shared", "{A65F620D-B38E-4B6A-938B-EDA265EF9A3A}"
EndProject
Project("{9A19103F-16F7-4668-BE54-9A1E7A4F7556}") = "DataEncryption.Abstraction", "Shared\DataEncryption.Abstraction\DataEncryption.Abstraction.csproj", "{C4E15642-13C6-43D6-955A-FE3F38F68A03}"
EndProject
Project("{9A19103F-16F7-4668-BE54-9A1E7A4F7556}") = "DataEncryption.Common", "Shared\DataEncryption.Common\DataEncryption.Common.csproj", "{F87443C7-0A92-4291-897D-F66663F4EB4F}"
EndProject
Project("{2150E333-8FDC-42A3-9474-1A3956D46DE8}") = "TripleDES", "TripleDES", "{340FDA14-FF64-45D8-9ED0-CCECA1EC4B91}"
EndProject
Project("{FAE04EC0-301F-11D3-BF4B-00C04F79EFBC}") = "TripleDESEncryption", "TripleDES\TripleDESEncryption\TripleDESEncryption.csproj", "{DB083A1E-40ED-4952-BFD4-652E95C22B0C}"
EndProject
Project("{2150E333-8FDC-42A3-9474-1A3956D46DE8}") = "RC2", "RC2", "{42B16643-DA17-409B-AE5B-7E8DAC038067}"
EndProject
Project("{FAE04EC0-301F-11D3-BF4B-00C04F79EFBC}") = "RC2Encryption", "RC2\RC2Encryption\RC2Encryption.csproj", "{3BC88337-8FD6-47BE-A70F-0CF5BDBA7012}"
EndProject
Global
	GlobalSection(SolutionConfigurationPlatforms) = preSolution
		Debug|Any CPU = Debug|Any CPU
		Release|Any CPU = Release|Any CPU
	EndGlobalSection
	GlobalSection(ProjectConfigurationPlatforms) = postSolution
		{A7276016-4FF5-41F2-8249-200D2A8F39FD}.Debug|Any CPU.ActiveCfg = Debug|Any CPU
		{A7276016-4FF5-41F2-8249-200D2A8F39FD}.Debug|Any CPU.Build.0 = Debug|Any CPU
		{A7276016-4FF5-41F2-8249-200D2A8F39FD}.Release|Any CPU.ActiveCfg = Release|Any CPU
		{A7276016-4FF5-41F2-8249-200D2A8F39FD}.Release|Any CPU.Build.0 = Release|Any CPU
		{61A16D6B-238A-4261-9C72-1182027B2F13}.Debug|Any CPU.ActiveCfg = Debug|Any CPU
		{61A16D6B-238A-4261-9C72-1182027B2F13}.Debug|Any CPU.Build.0 = Debug|Any CPU
		{61A16D6B-238A-4261-9C72-1182027B2F13}.Release|Any CPU.ActiveCfg = Release|Any CPU
		{61A16D6B-238A-4261-9C72-1182027B2F13}.Release|Any CPU.Build.0 = Release|Any CPU
		{C4E15642-13C6-43D6-955A-FE3F38F68A03}.Debug|Any CPU.ActiveCfg = Debug|Any CPU
		{C4E15642-13C6-43D6-955A-FE3F38F68A03}.Debug|Any CPU.Build.0 = Debug|Any CPU
		{C4E15642-13C6-43D6-955A-FE3F38F68A03}.Release|Any CPU.ActiveCfg = Release|Any CPU
		{C4E15642-13C6-43D6-955A-FE3F38F68A03}.Release|Any CPU.Build.0 = Release|Any CPU
		{F87443C7-0A92-4291-897D-F66663F4EB4F}.Debug|Any CPU.ActiveCfg = Debug|Any CPU
		{F87443C7-0A92-4291-897D-F66663F4EB4F}.Debug|Any CPU.Build.0 = Debug|Any CPU
		{F87443C7-0A92-4291-897D-F66663F4EB4F}.Release|Any CPU.ActiveCfg = Release|Any CPU
		{F87443C7-0A92-4291-897D-F66663F4EB4F}.Release|Any CPU.Build.0 = Release|Any CPU
		{DB083A1E-40ED-4952-BFD4-652E95C22B0C}.Debug|Any CPU.ActiveCfg = Debug|Any CPU
		{DB083A1E-40ED-4952-BFD4-652E95C22B0C}.Debug|Any CPU.Build.0 = Debug|Any CPU
		{DB083A1E-40ED-4952-BFD4-652E95C22B0C}.Release|Any CPU.ActiveCfg = Release|Any CPU
		{DB083A1E-40ED-4952-BFD4-652E95C22B0C}.Release|Any CPU.Build.0 = Release|Any CPU
		{3BC88337-8FD6-47BE-A70F-0CF5BDBA7012}.Debug|Any CPU.ActiveCfg = Debug|Any CPU
		{3BC88337-8FD6-47BE-A70F-0CF5BDBA7012}.Debug|Any CPU.Build.0 = Debug|Any CPU
		{3BC88337-8FD6-47BE-A70F-0CF5BDBA7012}.Release|Any CPU.ActiveCfg = Release|Any CPU
		{3BC88337-8FD6-47BE-A70F-0CF5BDBA7012}.Release|Any CPU.Build.0 = Release|Any CPU
	EndGlobalSection
	GlobalSection(SolutionProperties) = preSolution
		HideSolutionNode = FALSE
	EndGlobalSection
	GlobalSection(NestedProjects) = preSolution
		{A7276016-4FF5-41F2-8249-200D2A8F39FD} = {A655A982-A48A-4F4A-8159-E854B8E99A5A}
		{61A16D6B-238A-4261-9C72-1182027B2F13} = {95D46FC3-F354-4F62-9B47-E53DA498A3BA}
		{C4E15642-13C6-43D6-955A-FE3F38F68A03} = {A65F620D-B38E-4B6A-938B-EDA265EF9A3A}
		{F87443C7-0A92-4291-897D-F66663F4EB4F} = {A65F620D-B38E-4B6A-938B-EDA265EF9A3A}
		{DB083A1E-40ED-4952-BFD4-652E95C22B0C} = {340FDA14-FF64-45D8-9ED0-CCECA1EC4B91}
		{3BC88337-8FD6-47BE-A70F-0CF5BDBA7012} = {42B16643-DA17-409B-AE5B-7E8DAC038067}
	EndGlobalSection
	GlobalSection(ExtensibilityGlobals) = postSolution
		SolutionGuid = {AA1BBF52-2728-424F-B05E-C74193163C4E}
	EndGlobalSection
EndGlobal
